// !$*UTF8*$!
{
	archiveVersion = 1;
	classes = {
	};
	objectVersion = 45;
	objects = {

/* Begin PBXBuildFile section */
		1D3623260D0F684500981E51 /* TabBarNavigatorAppDelegate.m in Sources */ = {isa = PBXBuildFile; fileRef = 1D3623250D0F684500981E51 /* TabBarNavigatorAppDelegate.m */; };
		1D60589B0D05DD56006BFB54 /* main.m in Sources */ = {isa = PBXBuildFile; fileRef = 29B97316FDCFA39411CA2CEA /* main.m */; };
		1D60589F0D05DD5A006BFB54 /* Foundation.framework in Frameworks */ = {isa = PBXBuildFile; fileRef = 1D30AB110D05D00D00671497 /* Foundation.framework */; };
		1DF5F4E00D08C38300B7A737 /* UIKit.framework in Frameworks */ = {isa = PBXBuildFile; fileRef = 1DF5F4DF0D08C38300B7A737 /* UIKit.framework */; };
		28216C970DB411BC00E5133A /* FirstViewController.m in Sources */ = {isa = PBXBuildFile; fileRef = 28216C960DB411BC00E5133A /* FirstViewController.m */; };
		282CCBFE0DB6C98000C4EA27 /* SecondView.xib in Resources */ = {isa = PBXBuildFile; fileRef = 282CCBFD0DB6C98000C4EA27 /* SecondView.xib */; };
		2840D7CE1179279E00D7F93C /* FirstView.xib in Resources */ = {isa = PBXBuildFile; fileRef = 2840D7CD1179279E00D7F93C /* FirstView.xib */; };
		288765080DF74369002DB57D /* CoreGraphics.framework in Frameworks */ = {isa = PBXBuildFile; fileRef = 288765070DF74369002DB57D /* CoreGraphics.framework */; };
		28AD73880D9D96C1002E5188 /* MainWindow.xib in Resources */ = {isa = PBXBuildFile; fileRef = 28AD73870D9D96C1002E5188 /* MainWindow.xib */; };
		3E51A76D11FF943700397716 /* GoogleController.m in Sources */ = {isa = PBXBuildFile; fileRef = 3E51A76B11FF943700397716 /* GoogleController.m */; };
		3E51A77011FF951500397716 /* GoogleController.xib in Resources */ = {isa = PBXBuildFile; fileRef = 3E51A76F11FF951500397716 /* GoogleController.xib */; };
		3E8E691811FD305500742D25 /* NewViewController.m in Sources */ = {isa = PBXBuildFile; fileRef = 3E8E691611FD305500742D25 /* NewViewController.m */; };
		3E8E691911FD305500742D25 /* NewViewController.xib in Resources */ = {isa = PBXBuildFile; fileRef = 3E8E691711FD305500742D25 /* NewViewController.xib */; };
		3E8E692011FD32D200742D25 /* libsqlite3.0.dylib in Frameworks */ = {isa = PBXBuildFile; fileRef = 3E8E691F11FD32D200742D25 /* libsqlite3.0.dylib */; };
		3E8E692211FD32E300742D25 /* WatchlistViewController.xib in Resources */ = {isa = PBXBuildFile; fileRef = 3E8E692111FD32E300742D25 /* WatchlistViewController.xib */; };
		3E8E692911FD32F600742D25 /* WatchlistViewController.m in Sources */ = {isa = PBXBuildFile; fileRef = 3E8E692311FD32F600742D25 /* WatchlistViewController.m */; };
		3E8E692A11FD32F600742D25 /* MyTableCell.m in Sources */ = {isa = PBXBuildFile; fileRef = 3E8E692511FD32F600742D25 /* MyTableCell.m */; };
		3E8E695011FD337B00742D25 /* CompanyViewController.m in Sources */ = {isa = PBXBuildFile; fileRef = 3E8E694C11FD337B00742D25 /* CompanyViewController.m */; };
		3E8E695111FD337B00742D25 /* Company.m in Sources */ = {isa = PBXBuildFile; fileRef = 3E8E694E11FD337B00742D25 /* Company.m */; };
		3E8E696511FD36E500742D25 /* Notes1ViewController.m in Sources */ = {isa = PBXBuildFile; fileRef = 3E8E696311FD36E500742D25 /* Notes1ViewController.m */; };
		3E8E696611FD36E500742D25 /* Notes1ViewController.xib in Resources */ = {isa = PBXBuildFile; fileRef = 3E8E696411FD36E500742D25 /* Notes1ViewController.xib */; };
		3E8E696A11FD370500742D25 /* Notes2ViewController.m in Sources */ = {isa = PBXBuildFile; fileRef = 3E8E696811FD370500742D25 /* Notes2ViewController.m */; };
		3E8E696B11FD370500742D25 /* Notes2ViewController.xib in Resources */ = {isa = PBXBuildFile; fileRef = 3E8E696911FD370500742D25 /* Notes2ViewController.xib */; };
		3E8E69BF11FD3DF000742D25 /* HackerNewsController.m in Sources */ = {isa = PBXBuildFile; fileRef = 3E8E69BD11FD3DF000742D25 /* HackerNewsController.m */; };
		3E8E69C011FD3DF000742D25 /* HackerNewsController.xib in Resources */ = {isa = PBXBuildFile; fileRef = 3E8E69BE11FD3DF000742D25 /* HackerNewsController.xib */; };
/* End PBXBuildFile section */

/* Begin PBXFileReference section */
		1D30AB110D05D00D00671497 /* Foundation.framework */ = {isa = PBXFileReference; lastKnownFileType = wrapper.framework; name = Foundation.framework; path = System/Library/Frameworks/Foundation.framework; sourceTree = SDKROOT; };
		1D3623240D0F684500981E51 /* TabBarNavigatorAppDelegate.h */ = {isa = PBXFileReference; fileEncoding = 4; lastKnownFileType = sourcecode.c.h; path = TabBarNavigatorAppDelegate.h; sourceTree = "<group>"; };
		1D3623250D0F684500981E51 /* TabBarNavigatorAppDelegate.m */ = {isa = PBXFileReference; fileEncoding = 4; lastKnownFileType = sourcecode.c.objc; path = TabBarNavigatorAppDelegate.m; sourceTree = "<group>"; };
		1D6058910D05DD3D006BFB54 /* TabBarNavigator.app */ = {isa = PBXFileReference; explicitFileType = wrapper.application; includeInIndex = 0; path = TabBarNavigator.app; sourceTree = BUILT_PRODUCTS_DIR; };
		1DF5F4DF0D08C38300B7A737 /* UIKit.framework */ = {isa = PBXFileReference; lastKnownFileType = wrapper.framework; name = UIKit.framework; path = System/Library/Frameworks/UIKit.framework; sourceTree = SDKROOT; };
		28216C950DB411BC00E5133A /* FirstViewController.h */ = {isa = PBXFileReference; fileEncoding = 4; lastKnownFileType = sourcecode.c.h; path = FirstViewController.h; sourceTree = "<group>"; };
		28216C960DB411BC00E5133A /* FirstViewController.m */ = {isa = PBXFileReference; fileEncoding = 4; lastKnownFileType = sourcecode.c.objc; path = FirstViewController.m; sourceTree = "<group>"; };
		282CCBFD0DB6C98000C4EA27 /* SecondView.xib */ = {isa = PBXFileReference; lastKnownFileType = file.xib; path = SecondView.xib; sourceTree = "<group>"; };
		2840D7CD1179279E00D7F93C /* FirstView.xib */ = {isa = PBXFileReference; lastKnownFileType = file.xib; path = FirstView.xib; sourceTree = "<group>"; };
		288765070DF74369002DB57D /* CoreGraphics.framework */ = {isa = PBXFileReference; lastKnownFileType = wrapper.framework; name = CoreGraphics.framework; path = System/Library/Frameworks/CoreGraphics.framework; sourceTree = SDKROOT; };
		28A0AB4B0D9B1048005BE974 /* TabBarNavigator_Prefix.pch */ = {isa = PBXFileReference; fileEncoding = 4; lastKnownFileType = sourcecode.c.h; path = TabBarNavigator_Prefix.pch; sourceTree = "<group>"; };
		28AD73870D9D96C1002E5188 /* MainWindow.xib */ = {isa = PBXFileReference; lastKnownFileType = file.xib; path = MainWindow.xib; sourceTree = "<group>"; };
		29B97316FDCFA39411CA2CEA /* main.m */ = {isa = PBXFileReference; fileEncoding = 4; lastKnownFileType = sourcecode.c.objc; path = main.m; sourceTree = "<group>"; };
		3E51A76B11FF943700397716 /* GoogleController.m */ = {isa = PBXFileReference; fileEncoding = 4; lastKnownFileType = sourcecode.c.objc; path = GoogleController.m; sourceTree = "<group>"; };
		3E51A76C11FF943700397716 /* GoogleController.h */ = {isa = PBXFileReference; fileEncoding = 4; lastKnownFileType = sourcecode.c.h; path = GoogleController.h; sourceTree = "<group>"; };
		3E51A76F11FF951500397716 /* GoogleController.xib */ = {isa = PBXFileReference; lastKnownFileType = file.xib; path = GoogleController.xib; sourceTree = "<group>"; };
		3E8E691511FD305500742D25 /* NewViewController.h */ = {isa = PBXFileReference; fileEncoding = 4; lastKnownFileType = sourcecode.c.h; path = NewViewController.h; sourceTree = "<group>"; };
		3E8E691611FD305500742D25 /* NewViewController.m */ = {isa = PBXFileReference; fileEncoding = 4; lastKnownFileType = sourcecode.c.objc; path = NewViewController.m; sourceTree = "<group>"; };
		3E8E691711FD305500742D25 /* NewViewController.xib */ = {isa = PBXFileReference; lastKnownFileType = file.xib; path = NewViewController.xib; sourceTree = "<group>"; };
		3E8E691F11FD32D200742D25 /* libsqlite3.0.dylib */ = {isa = PBXFileReference; lastKnownFileType = "compiled.mach-o.dylib"; name = libsqlite3.0.dylib; path = usr/lib/libsqlite3.0.dylib; sourceTree = SDKROOT; };
		3E8E692111FD32E300742D25 /* WatchlistViewController.xib */ = {isa = PBXFileReference; lastKnownFileType = file.xib; path = WatchlistViewController.xib; sourceTree = SOURCE_ROOT; };
		3E8E692311FD32F600742D25 /* WatchlistViewController.m */ = {isa = PBXFileReference; fileEncoding = 4; lastKnownFileType = sourcecode.c.objc; path = WatchlistViewController.m; sourceTree = "<group>"; };
		3E8E692411FD32F600742D25 /* WatchlistViewController.h */ = {isa = PBXFileReference; fileEncoding = 4; lastKnownFileType = sourcecode.c.h; path = WatchlistViewController.h; sourceTree = "<group>"; };
		3E8E692511FD32F600742D25 /* MyTableCell.m */ = {isa = PBXFileReference; fileEncoding = 4; lastKnownFileType = sourcecode.c.objc; path = MyTableCell.m; sourceTree = "<group>"; };
		3E8E692611FD32F600742D25 /* MyTableCell.h */ = {isa = PBXFileReference; fileEncoding = 4; lastKnownFileType = sourcecode.c.h; path = MyTableCell.h; sourceTree = "<group>"; };
		3E8E694C11FD337B00742D25 /* CompanyViewController.m */ = {isa = PBXFileReference; fileEncoding = 4; lastKnownFileType = sourcecode.c.objc; path = CompanyViewController.m; sourceTree = "<group>"; };
		3E8E694D11FD337B00742D25 /* CompanyViewController.h */ = {isa = PBXFileReference; fileEncoding = 4; lastKnownFileType = sourcecode.c.h; path = CompanyViewController.h; sourceTree = "<group>"; };
		3E8E694E11FD337B00742D25 /* Company.m */ = {isa = PBXFileReference; fileEncoding = 4; lastKnownFileType = sourcecode.c.objc; path = Company.m; sourceTree = "<group>"; };
		3E8E694F11FD337B00742D25 /* Company.h */ = {isa = PBXFileReference; fileEncoding = 4; lastKnownFileType = sourcecode.c.h; path = Company.h; sourceTree = "<group>"; };
		3E8E696211FD36E500742D25 /* Notes1ViewController.h */ = {isa = PBXFileReference; fileEncoding = 4; lastKnownFileType = sourcecode.c.h; path = Notes1ViewController.h; sourceTree = "<group>"; };
		3E8E696311FD36E500742D25 /* Notes1ViewController.m */ = {isa = PBXFileReference; fileEncoding = 4; lastKnownFileType = sourcecode.c.objc; path = Notes1ViewController.m; sourceTree = "<group>"; };
		3E8E696411FD36E500742D25 /* Notes1ViewController.xib */ = {isa = PBXFileReference; lastKnownFileType = file.xib; path = Notes1ViewController.xib; sourceTree = "<group>"; };
		3E8E696711FD370500742D25 /* Notes2ViewController.h */ = {isa = PBXFileReference; fileEncoding = 4; lastKnownFileType = sourcecode.c.h; path = Notes2ViewController.h; sourceTree = "<group>"; };
		3E8E696811FD370500742D25 /* Notes2ViewController.m */ = {isa = PBXFileReference; fileEncoding = 4; lastKnownFileType = sourcecode.c.objc; path = Notes2ViewController.m; sourceTree = "<group>"; };
		3E8E696911FD370500742D25 /* Notes2ViewController.xib */ = {isa = PBXFileReference; lastKnownFileType = file.xib; path = Notes2ViewController.xib; sourceTree = "<group>"; };
		3E8E69BC11FD3DF000742D25 /* HackerNewsController.h */ = {isa = PBXFileReference; fileEncoding = 4; lastKnownFileType = sourcecode.c.h; path = HackerNewsController.h; sourceTree = "<group>"; };
		3E8E69BD11FD3DF000742D25 /* HackerNewsController.m */ = {isa = PBXFileReference; fileEncoding = 4; lastKnownFileType = sourcecode.c.objc; path = HackerNewsController.m; sourceTree = "<group>"; };
		3E8E69BE11FD3DF000742D25 /* HackerNewsController.xib */ = {isa = PBXFileReference; lastKnownFileType = file.xib; path = HackerNewsController.xib; sourceTree = "<group>"; };
		8D1107310486CEB800E47090 /* TabBarNavigator-Info.plist */ = {isa = PBXFileReference; fileEncoding = 4; lastKnownFileType = text.plist.xml; path = "TabBarNavigator-Info.plist"; plistStructureDefinitionIdentifier = "com.apple.xcode.plist.structure-definition.iphone.info-plist"; sourceTree = "<group>"; };
/* End PBXFileReference section */

/* Begin PBXFrameworksBuildPhase section */
		1D60588F0D05DD3D006BFB54 /* Frameworks */ = {
			isa = PBXFrameworksBuildPhase;
			buildActionMask = 2147483647;
			files = (
				1D60589F0D05DD5A006BFB54 /* Foundation.framework in Frameworks */,
				1DF5F4E00D08C38300B7A737 /* UIKit.framework in Frameworks */,
				288765080DF74369002DB57D /* CoreGraphics.framework in Frameworks */,
				3E8E692011FD32D200742D25 /* libsqlite3.0.dylib in Frameworks */,
			);
			runOnlyForDeploymentPostprocessing = 0;
		};
/* End PBXFrameworksBuildPhase section */

/* Begin PBXGroup section */
		080E96DDFE201D6D7F000001 /* Classes */ = {
			isa = PBXGroup;
			children = (
				3E51A76F11FF951500397716 /* GoogleController.xib */,
				3E51A76B11FF943700397716 /* GoogleController.m */,
				3E51A76C11FF943700397716 /* GoogleController.h */,
				3E8E694C11FD337B00742D25 /* CompanyViewController.m */,
				3E8E694D11FD337B00742D25 /* CompanyViewController.h */,
				3E8E694E11FD337B00742D25 /* Company.m */,
				3E8E694F11FD337B00742D25 /* Company.h */,
				3E8E692311FD32F600742D25 /* WatchlistViewController.m */,
				3E8E692411FD32F600742D25 /* WatchlistViewController.h */,
				3E8E692511FD32F600742D25 /* MyTableCell.m */,
				3E8E692611FD32F600742D25 /* MyTableCell.h */,
				3E8E692111FD32E300742D25 /* WatchlistViewController.xib */,
				28216C950DB411BC00E5133A /* FirstViewController.h */,
				28216C960DB411BC00E5133A /* FirstViewController.m */,
				1D3623240D0F684500981E51 /* TabBarNavigatorAppDelegate.h */,
				1D3623250D0F684500981E51 /* TabBarNavigatorAppDelegate.m */,
				3E8E691511FD305500742D25 /* NewViewController.h */,
				3E8E691611FD305500742D25 /* NewViewController.m */,
				3E8E691711FD305500742D25 /* NewViewController.xib */,
				3E8E696211FD36E500742D25 /* Notes1ViewController.h */,
				3E8E696311FD36E500742D25 /* Notes1ViewController.m */,
				3E8E696411FD36E500742D25 /* Notes1ViewController.xib */,
				3E8E696711FD370500742D25 /* Notes2ViewController.h */,
				3E8E696811FD370500742D25 /* Notes2ViewController.m */,
				3E8E696911FD370500742D25 /* Notes2ViewController.xib */,
				3E8E69BC11FD3DF000742D25 /* HackerNewsController.h */,
				3E8E69BD11FD3DF000742D25 /* HackerNewsController.m */,
				3E8E69BE11FD3DF000742D25 /* HackerNewsController.xib */,
			);
			path = Classes;
			sourceTree = "<group>";
		};
		19C28FACFE9D520D11CA2CBB /* Products */ = {
			isa = PBXGroup;
			children = (
				1D6058910D05DD3D006BFB54 /* TabBarNavigator.app */,
			);
			name = Products;
			sourceTree = "<group>";
		};
		29B97314FDCFA39411CA2CEA /* TabBarNavigator */ = {
			isa = PBXGroup;
			children = (
				080E96DDFE201D6D7F000001 /* Classes */,
				29B97315FDCFA39411CA2CEA /* Other Sources */,
				29B97317FDCFA39411CA2CEA /* Resources */,
				29B97323FDCFA39411CA2CEA /* Frameworks */,
				19C28FACFE9D520D11CA2CBB /* Products */,
			);
			name = TabBarNavigator;
			sourceTree = "<group>";
		};
		29B97315FDCFA39411CA2CEA /* Other Sources */ = {
			isa = PBXGroup;
			children = (
				28A0AB4B0D9B1048005BE974 /* TabBarNavigator_Prefix.pch */,
				29B97316FDCFA39411CA2CEA /* main.m */,
			);
			name = "Other Sources";
			sourceTree = "<group>";
		};
		29B97317FDCFA39411CA2CEA /* Resources */ = {
			isa = PBXGroup;
			children = (
				2840D7CD1179279E00D7F93C /* FirstView.xib */,
				282CCBFD0DB6C98000C4EA27 /* SecondView.xib */,
				28AD73870D9D96C1002E5188 /* MainWindow.xib */,
				8D1107310486CEB800E47090 /* TabBarNavigator-Info.plist */,
			);
			name = Resources;
			sourceTree = "<group>";
		};
		29B97323FDCFA39411CA2CEA /* Frameworks */ = {
			isa = PBXGroup;
			children = (
				1DF5F4DF0D08C38300B7A737 /* UIKit.framework */,
				1D30AB110D05D00D00671497 /* Foundation.framework */,
				288765070DF74369002DB57D /* CoreGraphics.framework */,
				3E8E691F11FD32D200742D25 /* libsqlite3.0.dylib */,
			);
			name = Frameworks;
			sourceTree = "<group>";
		};
/* End PBXGroup section */

/* Begin PBXNativeTarget section */
		1D6058900D05DD3D006BFB54 /* TabBarNavigator */ = {
			isa = PBXNativeTarget;
			buildConfigurationList = 1D6058960D05DD3E006BFB54 /* Build configuration list for PBXNativeTarget "TabBarNavigator" */;
			buildPhases = (
				1D60588D0D05DD3D006BFB54 /* Resources */,
				1D60588E0D05DD3D006BFB54 /* Sources */,
				1D60588F0D05DD3D006BFB54 /* Frameworks */,
			);
			buildRules = (
			);
			dependencies = (
			);
			name = TabBarNavigator;
			productName = TabBarNavigator;
			productReference = 1D6058910D05DD3D006BFB54 /* TabBarNavigator.app */;
			productType = "com.apple.product-type.application";
		};
/* End PBXNativeTarget section */

/* Begin PBXProject section */
		29B97313FDCFA39411CA2CEA /* Project object */ = {
			isa = PBXProject;
			buildConfigurationList = C01FCF4E08A954540054247B /* Build configuration list for PBXProject "TabBarNavigator" */;
			compatibilityVersion = "Xcode 3.1";
			hasScannedForEncodings = 1;
			mainGroup = 29B97314FDCFA39411CA2CEA /* TabBarNavigator */;
			projectDirPath = "";
			projectRoot = "";
			targets = (
				1D6058900D05DD3D006BFB54 /* TabBarNavigator */,
			);
		};
/* End PBXProject section */

/* Begin PBXResourcesBuildPhase section */
		1D60588D0D05DD3D006BFB54 /* Resources */ = {
			isa = PBXResourcesBuildPhase;
			buildActionMask = 2147483647;
			files = (
				28AD73880D9D96C1002E5188 /* MainWindow.xib in Resources */,
				282CCBFE0DB6C98000C4EA27 /* SecondView.xib in Resources */,
				2840D7CE1179279E00D7F93C /* FirstView.xib in Resources */,
				3E8E691911FD305500742D25 /* NewViewController.xib in Resources */,
				3E8E692211FD32E300742D25 /* WatchlistViewController.xib in Resources */,
				3E8E696611FD36E500742D25 /* Notes1ViewController.xib in Resources */,
				3E8E696B11FD370500742D25 /* Notes2ViewController.xib in Resources */,
				3E8E69C011FD3DF000742D25 /* HackerNewsController.xib in Resources */,
				3E51A77011FF951500397716 /* GoogleController.xib in Resources */,
			);
			runOnlyForDeploymentPostprocessing = 0;
		};
/* End PBXResourcesBuildPhase section */

/* Begin PBXSourcesBuildPhase section */
		1D60588E0D05DD3D006BFB54 /* Sources */ = {
			isa = PBXSourcesBuildPhase;
			buildActionMask = 2147483647;
			files = (
				1D60589B0D05DD56006BFB54 /* main.m in Sources */,
				1D3623260D0F684500981E51 /* TabBarNavigatorAppDelegate.m in Sources */,
				28216C970DB411BC00E5133A /* FirstViewController.m in Sources */,
				3E8E691811FD305500742D25 /* NewViewController.m in Sources */,
				3E8E692911FD32F600742D25 /* WatchlistViewController.m in Sources */,
				3E8E692A11FD32F600742D25 /* MyTableCell.m in Sources */,
				3E8E695011FD337B00742D25 /* CompanyViewController.m in Sources */,
				3E8E695111FD337B00742D25 /* Company.m in Sources */,
				3E8E696511FD36E500742D25 /* Notes1ViewController.m in Sources */,
				3E8E696A11FD370500742D25 /* Notes2ViewController.m in Sources */,
				3E8E69BF11FD3DF000742D25 /* HackerNewsController.m in Sources */,
				3E51A76D11FF943700397716 /* GoogleController.m in Sources */,
			);
			runOnlyForDeploymentPostprocessing = 0;
		};
/* End PBXSourcesBuildPhase section */

/* Begin XCBuildConfiguration section */
		1D6058940D05DD3E006BFB54 /* Debug */ = {
			isa = XCBuildConfiguration;
			buildSettings = {
				ALWAYS_SEARCH_USER_PATHS = NO;
				COPY_PHASE_STRIP = NO;
				GCC_DYNAMIC_NO_PIC = NO;
				GCC_OPTIMIZATION_LEVEL = 0;
				GCC_PRECOMPILE_PREFIX_HEADER = YES;
				GCC_PREFIX_HEADER = TabBarNavigator_Prefix.pch;
				INFOPLIST_FILE = "TabBarNavigator-Info.plist";
				PRODUCT_NAME = TabBarNavigator;
			};
			name = Debug;
		};
		1D6058950D05DD3E006BFB54 /* Release */ = {
			isa = XCBuildConfiguration;
			buildSettings = {
				ALWAYS_SEARCH_USER_PATHS = NO;
				COPY_PHASE_STRIP = YES;
				GCC_PRECOMPILE_PREFIX_HEADER = YES;
				GCC_PREFIX_HEADER = TabBarNavigator_Prefix.pch;
				INFOPLIST_FILE = "TabBarNavigator-Info.plist";
				PRODUCT_NAME = TabBarNavigator;
				VALIDATE_PRODUCT = YES;
			};
			name = Release;
		};
		C01FCF4F08A954540054247B /* Debug */ = {
			isa = XCBuildConfiguration;
			buildSettings = {
				ARCHS = "$(ARCHS_STANDARD_32_BIT)";
				"CODE_SIGN_IDENTITY[sdk=iphoneos*]" = "iPhone Developer";
				GCC_C_LANGUAGE_STANDARD = c99;
				GCC_WARN_ABOUT_RETURN_TYPE = YES;
				GCC_WARN_UNUSED_VARIABLE = YES;
				PREBINDING = NO;
				SDKROOT = iphoneos4.0;
			};
			name = Debug;
		};
		C01FCF5008A954540054247B /* Release */ = {
			isa = XCBuildConfiguration;
			buildSettings = {
				ARCHS = "$(ARCHS_STANDARD_32_BIT)";
				"CODE_SIGN_IDENTITY[sdk=iphoneos*]" = "iPhone Developer";
				GCC_C_LANGUAGE_STANDARD = c99;
				GCC_WARN_ABOUT_RETURN_TYPE = YES;
				GCC_WARN_UNUSED_VARIABLE = YES;
				OTHER_CFLAGS = "-DNS_BLOCK_ASSERTIONS=1";
				PREBINDING = NO;
				SDKROOT = iphoneos4.0;
			};
			name = Release;
		};
/* End XCBuildConfiguration section */

/* Begin XCConfigurationList section */
		1D6058960D05DD3E006BFB54 /* Build configuration list for PBXNativeTarget "TabBarNavigator" */ = {
			isa = XCConfigurationList;
			buildConfigurations = (
				1D6058940D05DD3E006BFB54 /* Debug */,
				1D6058950D05DD3E006BFB54 /* Release */,
			);
			defaultConfigurationIsVisible = 0;
			defaultConfigurationName = Release;
		};
		C01FCF4E08A954540054247B /* Build configuration list for PBXProject "TabBarNavigator" */ = {
			isa = XCConfigurationList;
			buildConfigurations = (
				C01FCF4F08A954540054247B /* Debug */,
				C01FCF5008A954540054247B /* Release */,
			);
			defaultConfigurationIsVisible = 0;
			defaultConfigurationName = Release;
		};
/* End XCConfigurationList section */
	};
	rootObject = 29B97313FDCFA39411CA2CEA /* Project object */;
}
